
Microsoft Visual Studio Solution File, Format Version 12.00
# Visual Studio 14
VisualStudioVersion = 14.0.25420.1
MinimumVisualStudioVersion = 10.0.40219.1
Project("{FAE04EC0-301F-11D3-BF4B-00C04F79EFBC}") = "Saas.UserService", "Saas.UserService\Saas.UserService.csproj", "{17D6B597-6E68-4E17-BD6B-55EF0315B110}"
EndProject
Project("{FAE04EC0-301F-11D3-BF4B-00C04F79EFBC}") = "Saas.UserManage", "Saas.UserManage\Saas.UserManage.csproj", "{A97A4A9E-CC03-463D-9CA1-DC497654E9FF}"
EndProject
Project("{FAE04EC0-301F-11D3-BF4B-00C04F79EFBC}") = "Saas.Api", "Saas.Api\Saas.Api.csproj", "{E9BCE638-3C5C-4F40-AE92-12402FFDFB45}"
EndProject
Global
	GlobalSection(SolutionConfigurationPlatforms) = preSolution
		Debug|Any CPU = Debug|Any CPU
		Release|Any CPU = Release|Any CPU
	EndGlobalSection
	GlobalSection(ProjectConfigurationPlatforms) = postSolution
		{17D6B597-6E68-4E17-BD6B-55EF0315B110}.Debug|Any CPU.ActiveCfg = Debug|Any CPU
		{17D6B597-6E68-4E17-BD6B-55EF0315B110}.Debug|Any CPU.Build.0 = Debug|Any CPU
		{17D6B597-6E68-4E17-BD6B-55EF0315B110}.Release|Any CPU.ActiveCfg = Release|Any CPU
		{17D6B597-6E68-4E17-BD6B-55EF0315B110}.Release|Any CPU.Build.0 = Release|Any CPU
		{A97A4A9E-CC03-463D-9CA1-DC497654E9FF}.Debug|Any CPU.ActiveCfg = Debug|Any CPU
		{A97A4A9E-CC03-463D-9CA1-DC497654E9FF}.Debug|Any CPU.Build.0 = Debug|Any CPU
		{A97A4A9E-CC03-463D-9CA1-DC497654E9FF}.Release|Any CPU.ActiveCfg = Release|Any CPU
		{A97A4A9E-CC03-463D-9CA1-DC497654E9FF}.Release|Any CPU.Build.0 = Release|Any CPU
		{E9BCE638-3C5C-4F40-AE92-12402FFDFB45}.Debug|Any CPU.ActiveCfg = Debug|Any CPU
		{E9BCE638-3C5C-4F40-AE92-12402FFDFB45}.Debug|Any CPU.Build.0 = Debug|Any CPU
		{E9BCE638-3C5C-4F40-AE92-12402FFDFB45}.Release|Any CPU.ActiveCfg = Release|Any CPU
		{E9BCE638-3C5C-4F40-AE92-12402FFDFB45}.Release|Any CPU.Build.0 = Release|Any CPU
	EndGlobalSection
	GlobalSection(SolutionProperties) = preSolution
		HideSolutionNode = FALSE
	EndGlobalSection
EndGlobal
